
Microsoft Visual Studio Solution File, Format Version 12.00
# Visual Studio Version 16
VisualStudioVersion = 16.0.30621.155
MinimumVisualStudioVersion = 10.0.40219.1
Project("{FAE04EC0-301F-11D3-BF4B-00C04F79EFBC}") = "EmployeeManagement", "EmployeeManagement.csproj", "{ACDF1C92-84C1-4CB6-8771-F43E2A49F953}"
EndProject
Global
	GlobalSection(SolutionConfigurationPlatforms) = preSolution
		Debug|Any CPU = Debug|Any CPU
		Release|Any CPU = Release|Any CPU
	EndGlobalSection
	GlobalSection(ProjectConfigurationPlatforms) = postSolution
		{ACDF1C92-84C1-4CB6-8771-F43E2A49F953}.Debug|Any CPU.ActiveCfg = Debug|Any CPU
		{ACDF1C92-84C1-4CB6-8771-F43E2A49F953}.Debug|Any CPU.Build.0 = Debug|Any CPU
		{ACDF1C92-84C1-4CB6-8771-F43E2A49F953}.Release|Any CPU.ActiveCfg = Release|Any CPU
		{ACDF1C92-84C1-4CB6-8771-F43E2A49F953}.Release|Any CPU.Build.0 = Release|Any CPU
	EndGlobalSection
	GlobalSection(SolutionProperties) = preSolution
		HideSolutionNode = FALSE
	EndGlobalSection
	GlobalSection(ExtensibilityGlobals) = postSolution
		SolutionGuid = {7EE41AF1-D815-4197-A9D0-E71D9D58478E}
	EndGlobalSection
EndGlobal
